
Microsoft Visual Studio Solution File, Format Version 12.00
# Visual Studio 2012
Project("{FAE04EC0-301F-11D3-BF4B-00C04F79EFBC}") = "Apartment_AD", "Apartment_AD\Apartment_AD.csproj", "{A6B83BA9-59C6-4573-8666-BC63CFC9A063}"
EndProject
Global
	GlobalSection(SolutionConfigurationPlatforms) = preSolution
		Debug|Any CPU = Debug|Any CPU
		Release|Any CPU = Release|Any CPU
	EndGlobalSection
	GlobalSection(ProjectConfigurationPlatforms) = postSolution
		{A6B83BA9-59C6-4573-8666-BC63CFC9A063}.Debug|Any CPU.ActiveCfg = Debug|Any CPU
		{A6B83BA9-59C6-4573-8666-BC63CFC9A063}.Debug|Any CPU.Build.0 = Debug|Any CPU
		{A6B83BA9-59C6-4573-8666-BC63CFC9A063}.Release|Any CPU.ActiveCfg = Release|Any CPU
		{A6B83BA9-59C6-4573-8666-BC63CFC9A063}.Release|Any CPU.Build.0 = Release|Any CPU
	EndGlobalSection
	GlobalSection(SolutionProperties) = preSolution
		HideSolutionNode = FALSE
	EndGlobalSection
EndGlobal
